{
  "name": "data",
  "version": "1.0.1",
  "lockfileVersion": 2,
  "requires": true,
  "packages": {
    "": {
      "name": "data",
      "version": "1.0.1",
      "license": "ISC",
      "dependencies": {
        "dayjs": "^1.10.8"
      }
    },
    "node_modules/dayjs": {
      "version": "1.10.8",
      "resolved": "https://registry.npmjs.org/dayjs/-/dayjs-1.10.8.tgz",
      "integrity": "sha512-wbNwDfBHHur9UOzNUjeKUOJ0fCb0a52Wx0xInmQ7Y8FstyajiV1NmK1e00cxsr9YrE9r7yAChE0VvpuY5Rnlow=="
    }
  },
  "dependencies": {
    "dayjs": {
      "version": "1.10.8",
      "resolved": "https://registry.npmjs.org/dayjs/-/dayjs-1.10.8.tgz",
      "integrity": "sha512-wbNwDfBHHur9UOzNUjeKUOJ0fCb0a52Wx0xInmQ7Y8FstyajiV1NmK1e00cxsr9YrE9r7yAChE0VvpuY5Rnlow=="
    }
  }
}
